github.com/BourgeoisBear/rasterm v1.1.1 h1:J94gv2pRv+G0jXj9Pf3jUk2qQtWPCiTsiRGxlXoQvgo=
github.com/BourgeoisBear/rasterm v1.1.1/go.mod h1:Ifd+To5s/uyUiYx+B4fxhS8lUNwNLSxDBjskmC5pEyw=
github.com/davecgh/go-spew v1.1.1 h1:vj9j/u1bqnvCEfJOwUhtlOARqs3+rkHYY13jYWTU97c=
github.com/davecgh/go-spew v1.1.1/go.mod h1:J7Y8YcW2NihsgmVo/mv3lAwl/skON4iLHjSsI+c5H38=
github.com/jiro4989/textimg/v3 v3.1.10 h1:w08T1ekAWJAVJoEqv8mmPBNK7u0jU72pqRw5BF9CKfI=
github.com/jiro4989/textimg/v3 v3.1.10/go.mod h1:TG9f2ZcEKL/TyRWWL8R2o85Os2YXNf0C2IuJMnxlp34=
github.com/kaey/framebuffer v0.0.0-20140402104929-7b385489a1ff h1:eK9dwGbaOkNQ44GPFD571d+51Qa2AGIYAR3kpjsrhLE=
github.com/kaey/framebuffer v0.0.0-20140402104929-7b385489a1ff/go.mod h1:tS4qtlcKqtt3tCIHUflVSqeP3CLH5Qtv2szX9X2SyhU=
github.com/orangecms/go-framebuffer v0.0.0-20200613202404-a0700d90c330 h1:zJBTzBuTR7EdFzmCGx0xp0pbOOb82sAh0+YUK4JTDEI=
github.com/orangecms/go-framebuffer v0.0.0-20200613202404-a0700d90c330/go.mod h1:3Myb/UszJY32F2G7yGkUtcW/ejHpjlGfYLim7cv2uKA=
github.com/pmezard/go-difflib v1.0.0 h1:4DBwDE0NGyQoBHbLQYPwSUPoCMWR5BEzIk/f1lZbAQM=
github.com/pmezard/go-difflib v1.0.0/go.mod h1:iKH77koFhYxTK1pcRnkKkqfTogsbg7gZNVY4sRDYZ/4=
github.com/stretchr/testify v1.8.4 h1:CcVxjf3Q8PM0mHUKJCdn+eZZtm5yQwehR5yeSVQQcUk=
github.com/stretchr/testify v1.8.4/go.mod h1:sz/lmYIOXD/1dqDmKjjqLyZ2RngseejIcXlSw2iwfAo=
github.com/xplshn/a-utils v0.0.0-20240730185951-fcf1f706c8ea h1:No2WGWER8Awl4ubXYGhb2FsHZckZIq1pBqK3tkiBiTA=
github.com/xplshn/a-utils v0.0.0-20240730185951-fcf1f706c8ea/go.mod h1:pop75ccQzj5fS5CRq3g7uVyrlh0L5HxMqWuC0nJCNI8=
github.com/xplshn/a-utils v0.0.0-20240730224731-8b111c19faa1 h1:AgIEZRWR4szSwJKOF05j9KhlXuPZZKt17lf9ngDRVYI=
github.com/xplshn/a-utils v0.0.0-20240730224731-8b111c19faa1/go.mod h1:pop75ccQzj5fS5CRq3g7uVyrlh0L5HxMqWuC0nJCNI8=
golang.org/x/image v0.18.0 h1:jGzIakQa/ZXI1I0Fxvaa9W7yP25TqT6cHIHn+6CqvSQ=
golang.org/x/image v0.18.0/go.mod h1:4yyo5vMFQjVjUcVk4jEQcU9MGy/rulF5WvUILseCM2E=
golang.org/x/sys v0.18.0/go.mod h1:/VUhepiaJMQUp4+oa/7Zr1D23ma6VTLIYjOOTFZPUcA=
golang.org/x/sys v0.22.0 h1:RI27ohtqKCnwULzJLqkv897zojh5/DwS/ENaMzUOaWI=
golang.org/x/sys v0.22.0/go.mod h1:/VUhepiaJMQUp4+oa/7Zr1D23ma6VTLIYjOOTFZPUcA=
golang.org/x/term v0.18.0/go.mod h1:ILwASektA3OnRv7amZ1xhE/KTR+u50pbXfZ03+6Nx58=
golang.org/x/term v0.22.0 h1:BbsgPEJULsl2fV/AT3v15Mjva5yXKQDyKf+TbDz7QJk=
golang.org/x/term v0.22.0/go.mod h1:F3qCibpT5AMpCRfhfT53vVJwhLtIVHhB9XDjfFvnMI4=
golang.org/x/text v0.16.0 h1:a94ExnEXNtEwYLGJSIUxnWoxoRz/ZcCsV63ROupILh4=
golang.org/x/text v0.16.0/go.mod h1:GhwF1Be+LQoKShO3cGOHzqOgRrGaYc9AvblQOmPVHnI=
gopkg.in/yaml.v3 v3.0.1 h1:fxVm/GzAzEWqLHuvctI91KS9hhNmmWOoWu0XTYJS7CA=
gopkg.in/yaml.v3 v3.0.1/go.mod h1:K4uyk7z7BCEPqu6E+C64Yfv1cQ7kz7rIZviUmN+EgEM=
